Microsoft Visual Studio Solution File, Format Version 12.00
# Visual Studio 15
VisualStudioVersion = 15.0.26730.12
MinimumVisualStudioVersion = 10.0.40219.1
Project("{2150E333-8FDC-42A3-9474-1A3956D46DE8}") = "KeyPhrases", "KeyPhrases", "{99141A50-1D31-499F-8710-E2EFC6989B5E}"
EndProject
Project("{FAE04EC0-301F-11D3-BF4B-00C04F79EFBC}") = "DoctaCore.Foundation.KeyPhrases", "src\Foundation\KeyPhrases\code\DoctaCore.Foundation.KeyPhrases.csproj", "{EEFABF5D-D727-46EE-ABA7-A6B5E0BC0C26}"
EndProject
Project("{2150E333-8FDC-42A3-9474-1A3956D46DE8}") = "ContentScoring", "ContentScoring", "{AA636E11-425F-4BF6-8B65-CCA7207B0A65}"
EndProject
Project("{FAE04EC0-301F-11D3-BF4B-00C04F79EFBC}") = "DoctaCore.Feature.ContentScoring", "src\Feature\ContentScoring\code\DoctaCore.Feature.ContentScoring.csproj", "{22084016-014A-4170-A0A1-1CC58C8EA1EA}"
EndProject
Project("{2150E333-8FDC-42A3-9474-1A3956D46DE8}") = "Rules", "Rules", "{DB58A531-860A-443F-B68A-03F2C35B6033}"
EndProject
Project("{FAE04EC0-301F-11D3-BF4B-00C04F79EFBC}") = "DoctaCore.Foundation.Rules", "src\Foundation\Rules\code\DoctaCore.Foundation.Rules.csproj", "{93561427-5AAA-4468-9C85-AF6B5CA7D2E9}"
EndProject
Project("{2150E333-8FDC-42A3-9474-1A3956D46DE8}") = "Demo", "Demo", "{F53DB067-16E1-4A16-9BA8-2936847DEBA7}"
EndProject
Project("{FAE04EC0-301F-11D3-BF4B-00C04F79EFBC}") = "DoctaCore.Project.Demo", "src\Project\Demo\code\DoctaCore.Project.Demo.csproj", "{E0A6A6DE-53A1-4B38-A225-283E03835589}"
EndProject
Project("{2150E333-8FDC-42A3-9474-1A3956D46DE8}") = "KeyPhraseExtraction", "KeyPhraseExtraction", "{D66EF2B7-F822-4FDB-A07C-0284076CA6C2}"
EndProject
Project("{FAE04EC0-301F-11D3-BF4B-00C04F79EFBC}") = "DoctaCore.Feature.KeyPhraseExtraction", "src\Feature\KeyPhraseExtraction\code\DoctaCore.Feature.KeyPhraseExtraction.csproj", "{C8227E82-EA27-44B0-80F2-041FF91F059F}"
EndProject
Project("{2150E333-8FDC-42A3-9474-1A3956D46DE8}") = "Feature", "Feature", "{17DD5718-6E13-4F2C-9738-B410396D4552}"
EndProject
Project("{2150E333-8FDC-42A3-9474-1A3956D46DE8}") = "Foundation", "Foundation", "{4FDA1DCD-D33E-447E-91C1-F4AE818E2CF0}"
EndProject
Project("{2150E333-8FDC-42A3-9474-1A3956D46DE8}") = "Project", "Project", "{15D97D61-D597-42EC-B7E9-E9EC8130E630}"
EndProject
Project("{2150E333-8FDC-42A3-9474-1A3956D46DE8}") = "Configuration", "Configuration", "{ADCA10F7-A1D2-407B-8074-60418168C02E}"
	ProjectSection(SolutionItems) = preProject
		.editorconfig = .editorconfig
		.gitattributes = .gitattributes
		.gitignore = .gitignore
		nuget.config = nuget.config
		README.md = README.md
	EndProjectSection
EndProject
Project("{2150E333-8FDC-42A3-9474-1A3956D46DE8}") = "Documentation", "Documentation", "{DAFED8F5-6CBD-4384-AAD6-DC3BCCF24911}"
	ProjectSection(SolutionItems) = preProject
		documentation\README.md = documentation\README.md
	EndProjectSection
EndProject
Project("{2150E333-8FDC-42A3-9474-1A3956D46DE8}") = "images", "images", "{D27C83D2-2EAF-4E44-A1ED-2B3C2EBB5854}"
	ProjectSection(SolutionItems) = preProject
		documentation\images\deal-with-it.gif = documentation\images\deal-with-it.gif
		documentation\images\hackathon.png = documentation\images\hackathon.png
	EndProjectSection
EndProject
Project("{2150E333-8FDC-42A3-9474-1A3956D46DE8}") = ".tds", ".tds", "{8F9606C2-992D-4DF1-84C0-2BE02FB28843}"
	ProjectSection(SolutionItems) = preProject
		TdsGlobal.config = TdsGlobal.config
	EndProjectSection
EndProject
Project("{CAA73BB0-EF22-4D79-A57E-DF67B3BA9C80}") = "DoctaCore.Project.Demo.Master", "src\Project\Demo\serialization\DoctaCore.Project.Demo.Master\DoctaCore.Project.Demo.Master.scproj", "{728AA11F-94D0-4E03-B4FE-5F81FA53395D}"
EndProject
Project("{CAA73BB0-EF22-4D79-A57E-DF67B3BA9C80}") = "DoctaCore.Project.Demo.Content", "src\Project\Demo\serialization\DoctaCore.Project.Demo.Content\DoctaCore.Project.Demo.Content.scproj", "{7958D375-57F4-4D54-9208-8D1CF6A5F72D}"
EndProject
Project("{CAA73BB0-EF22-4D79-A57E-DF67B3BA9C80}") = "DoctaCore.Feature.ContentScoring.Master", "src\Feature\ContentScoring\serialization\DoctaCore.Feature.ContentScoring.Master.scproj", "{964E5665-E977-44A3-B620-98184C253CED}"
EndProject
Global
	GlobalSection(SolutionConfigurationPlatforms) = preSolution
		Debug|Any CPU = Debug|Any CPU
		Release|Any CPU = Release|Any CPU
	EndGlobalSection
	GlobalSection(ProjectConfigurationPlatforms) = postSolution
		{EEFABF5D-D727-46EE-ABA7-A6B5E0BC0C26}.Debug|Any CPU.ActiveCfg = Debug|Any CPU
		{EEFABF5D-D727-46EE-ABA7-A6B5E0BC0C26}.Debug|Any CPU.Build.0 = Debug|Any CPU
		{EEFABF5D-D727-46EE-ABA7-A6B5E0BC0C26}.Release|Any CPU.ActiveCfg = Release|Any CPU
		{EEFABF5D-D727-46EE-ABA7-A6B5E0BC0C26}.Release|Any CPU.Build.0 = Release|Any CPU
		{22084016-014A-4170-A0A1-1CC58C8EA1EA}.Debug|Any CPU.ActiveCfg = Debug|Any CPU
		{22084016-014A-4170-A0A1-1CC58C8EA1EA}.Debug|Any CPU.Build.0 = Debug|Any CPU
		{22084016-014A-4170-A0A1-1CC58C8EA1EA}.Release|Any CPU.ActiveCfg = Release|Any CPU
		{22084016-014A-4170-A0A1-1CC58C8EA1EA}.Release|Any CPU.Build.0 = Release|Any CPU
		{93561427-5AAA-4468-9C85-AF6B5CA7D2E9}.Debug|Any CPU.ActiveCfg = Debug|Any CPU
		{93561427-5AAA-4468-9C85-AF6B5CA7D2E9}.Debug|Any CPU.Build.0 = Debug|Any CPU
		{93561427-5AAA-4468-9C85-AF6B5CA7D2E9}.Release|Any CPU.ActiveCfg = Release|Any CPU
		{93561427-5AAA-4468-9C85-AF6B5CA7D2E9}.Release|Any CPU.Build.0 = Release|Any CPU
		{E0A6A6DE-53A1-4B38-A225-283E03835589}.Debug|Any CPU.ActiveCfg = Debug|Any CPU
		{E0A6A6DE-53A1-4B38-A225-283E03835589}.Debug|Any CPU.Build.0 = Debug|Any CPU
		{E0A6A6DE-53A1-4B38-A225-283E03835589}.Release|Any CPU.ActiveCfg = Release|Any CPU
		{E0A6A6DE-53A1-4B38-A225-283E03835589}.Release|Any CPU.Build.0 = Release|Any CPU
		{C8227E82-EA27-44B0-80F2-041FF91F059F}.Debug|Any CPU.ActiveCfg = Debug|Any CPU
		{C8227E82-EA27-44B0-80F2-041FF91F059F}.Debug|Any CPU.Build.0 = Debug|Any CPU
		{C8227E82-EA27-44B0-80F2-041FF91F059F}.Release|Any CPU.ActiveCfg = Release|Any CPU
		{C8227E82-EA27-44B0-80F2-041FF91F059F}.Release|Any CPU.Build.0 = Release|Any CPU
		{728AA11F-94D0-4E03-B4FE-5F81FA53395D}.Debug|Any CPU.ActiveCfg = Debug|Any CPU
		{728AA11F-94D0-4E03-B4FE-5F81FA53395D}.Debug|Any CPU.Build.0 = Debug|Any CPU
		{728AA11F-94D0-4E03-B4FE-5F81FA53395D}.Debug|Any CPU.Deploy.0 = Debug|Any CPU
		{728AA11F-94D0-4E03-B4FE-5F81FA53395D}.Release|Any CPU.ActiveCfg = Release|Any CPU
		{728AA11F-94D0-4E03-B4FE-5F81FA53395D}.Release|Any CPU.Build.0 = Release|Any CPU
		{728AA11F-94D0-4E03-B4FE-5F81FA53395D}.Release|Any CPU.Deploy.0 = Release|Any CPU
		{7958D375-57F4-4D54-9208-8D1CF6A5F72D}.Debug|Any CPU.ActiveCfg = Debug|Any CPU
		{7958D375-57F4-4D54-9208-8D1CF6A5F72D}.Debug|Any CPU.Build.0 = Debug|Any CPU
		{7958D375-57F4-4D54-9208-8D1CF6A5F72D}.Debug|Any CPU.Deploy.0 = Debug|Any CPU
		{7958D375-57F4-4D54-9208-8D1CF6A5F72D}.Release|Any CPU.ActiveCfg = Release|Any CPU
		{7958D375-57F4-4D54-9208-8D1CF6A5F72D}.Release|Any CPU.Build.0 = Release|Any CPU
		{7958D375-57F4-4D54-9208-8D1CF6A5F72D}.Release|Any CPU.Deploy.0 = Release|Any CPU
		{964E5665-E977-44A3-B620-98184C253CED}.Debug|Any CPU.ActiveCfg = Debug|Any CPU
		{964E5665-E977-44A3-B620-98184C253CED}.Debug|Any CPU.Build.0 = Debug|Any CPU
		{964E5665-E977-44A3-B620-98184C253CED}.Debug|Any CPU.Deploy.0 = Debug|Any CPU
		{964E5665-E977-44A3-B620-98184C253CED}.Release|Any CPU.ActiveCfg = Release|Any CPU
		{964E5665-E977-44A3-B620-98184C253CED}.Release|Any CPU.Build.0 = Release|Any CPU
		{964E5665-E977-44A3-B620-98184C253CED}.Release|Any CPU.Deploy.0 = Release|Any CPU
	EndGlobalSection
	GlobalSection(SolutionProperties) = preSolution
		HideSolutionNode = FALSE
	EndGlobalSection
	GlobalSection(NestedProjects) = preSolution
		{99141A50-1D31-499F-8710-E2EFC6989B5E} = {4FDA1DCD-D33E-447E-91C1-F4AE818E2CF0}
		{EEFABF5D-D727-46EE-ABA7-A6B5E0BC0C26} = {99141A50-1D31-499F-8710-E2EFC6989B5E}
		{AA636E11-425F-4BF6-8B65-CCA7207B0A65} = {17DD5718-6E13-4F2C-9738-B410396D4552}
		{22084016-014A-4170-A0A1-1CC58C8EA1EA} = {AA636E11-425F-4BF6-8B65-CCA7207B0A65}
		{DB58A531-860A-443F-B68A-03F2C35B6033} = {4FDA1DCD-D33E-447E-91C1-F4AE818E2CF0}
		{93561427-5AAA-4468-9C85-AF6B5CA7D2E9} = {DB58A531-860A-443F-B68A-03F2C35B6033}
		{F53DB067-16E1-4A16-9BA8-2936847DEBA7} = {15D97D61-D597-42EC-B7E9-E9EC8130E630}
		{E0A6A6DE-53A1-4B38-A225-283E03835589} = {F53DB067-16E1-4A16-9BA8-2936847DEBA7}
		{D66EF2B7-F822-4FDB-A07C-0284076CA6C2} = {17DD5718-6E13-4F2C-9738-B410396D4552}
		{C8227E82-EA27-44B0-80F2-041FF91F059F} = {D66EF2B7-F822-4FDB-A07C-0284076CA6C2}
		{D27C83D2-2EAF-4E44-A1ED-2B3C2EBB5854} = {DAFED8F5-6CBD-4384-AAD6-DC3BCCF24911}
		{728AA11F-94D0-4E03-B4FE-5F81FA53395D} = {F53DB067-16E1-4A16-9BA8-2936847DEBA7}
		{7958D375-57F4-4D54-9208-8D1CF6A5F72D} = {F53DB067-16E1-4A16-9BA8-2936847DEBA7}
		{964E5665-E977-44A3-B620-98184C253CED} = {AA636E11-425F-4BF6-8B65-CCA7207B0A65}
	EndGlobalSection
	GlobalSection(ExtensibilityGlobals) = postSolution
		SolutionGuid = {311DA37D-528B-43B2-A99B-E7253F841D46}
		EnterpriseLibraryConfigurationToolBinariesPathV6 = packages\EnterpriseLibrary.Common.6.0.1304.0\lib\NET45;packages\EnterpriseLibrary.TransientFaultHandling.6.0.1304.0\lib\portable-net45+win+wp8;packages\EnterpriseLibrary.TransientFaultHandling.Caching.6.0.1304.0\lib\NET45;packages\EnterpriseLibrary.TransientFaultHandling.Data.6.0.1304.1\lib\NET45;packages\EnterpriseLibrary.TransientFaultHandling.ServiceBus.6.0.1304.0\lib\NET45;packages\EnterpriseLibrary.TransientFaultHandling.WindowsAzure.Storage.6.0.1304.0\lib\NET45;packages\EnterpriseLibrary.TransientFaultHandling.Configuration.6.0.1304.0\lib\NET45
	EndGlobalSection
EndGlobal
